
Microsoft Visual Studio Solution File, Format Version 12.00
# Visual Studio Version 16
VisualStudioVersion = 16.0.34114.132
MinimumVisualStudioVersion = 10.0.40219.1
Project("{FAE04EC0-301F-11D3-BF4B-00C04F79EFBC}") = "ValheimHack", "ValheimHack\ValheimHack.csproj", "{458EB4D4-B403-43D1-BDF2-4C6A038DAA0E}"
EndProject
Global
	GlobalSection(SolutionConfigurationPlatforms) = preSolution
		Debug|Any CPU = Debug|Any CPU
		Release|Any CPU = Release|Any CPU
	EndGlobalSection
	GlobalSection(ProjectConfigurationPlatforms) = postSolution
		{458EB4D4-B403-43D1-BDF2-4C6A038DAA0E}.Debug|Any CPU.ActiveCfg = Debug|Any CPU
		{458EB4D4-B403-43D1-BDF2-4C6A038DAA0E}.Debug|Any CPU.Build.0 = Debug|Any CPU
		{458EB4D4-B403-43D1-BDF2-4C6A038DAA0E}.Release|Any CPU.ActiveCfg = Release|Any CPU
		{458EB4D4-B403-43D1-BDF2-4C6A038DAA0E}.Release|Any CPU.Build.0 = Release|Any CPU
	EndGlobalSection
	GlobalSection(SolutionProperties) = preSolution
		HideSolutionNode = FALSE
	EndGlobalSection
	GlobalSection(ExtensibilityGlobals) = postSolution
		SolutionGuid = {A8C41441-F4B6-4703-84F5-21C516A279AC}
	EndGlobalSection
EndGlobal
